
Microsoft Visual Studio Solution File, Format Version 12.00
# Visual Studio Version 17
VisualStudioVersion = 17.11.35303.130
MinimumVisualStudioVersion = 10.0.40219.1
Project("{9A19103F-16F7-4668-BE54-9A1E7A4F7556}") = "IDEmpresaJAL.Entity", "IDEmpresaJAL.Entity\IDEmpresaJAL.Entity.csproj", "{48EEA828-5361-4834-A087-7008911275C1}"
EndProject
Project("{9A19103F-16F7-4668-BE54-9A1E7A4F7556}") = "IDEmpresaJAL.DAL", "IDEmpresaJAL.DAL\IDEmpresaJAL.DAL.csproj", "{0B550C16-BA27-4C6C-8F6C-9843A7D9DF41}"
EndProject
Project("{9A19103F-16F7-4668-BE54-9A1E7A4F7556}") = "IDEmpresaJAL.IoC", "IDEmpresaJAL.IoC\IDEmpresaJAL.IoC.csproj", "{168C6886-D23B-47F3-8C78-3A818C025204}"
EndProject
Project("{9A19103F-16F7-4668-BE54-9A1E7A4F7556}") = "IDEmpresaJAL.App", "IDEmpresaJAL.App\IDEmpresaJAL.App.csproj", "{122FF3B0-380C-46D7-8AC4-750E6AB419D2}"
EndProject
Project("{FAE04EC0-301F-11D3-BF4B-00C04F79EFBC}") = "IDEmpresaJAL.BLL", "IDEmpresaJAL.BLL\IDEmpresaJAL.BLL.csproj", "{0407B885-E4ED-408F-A8A5-0EEA8C3D99D8}"
EndProject
Global
	GlobalSection(SolutionConfigurationPlatforms) = preSolution
		Debug|Any CPU = Debug|Any CPU
		Release|Any CPU = Release|Any CPU
	EndGlobalSection
	GlobalSection(ProjectConfigurationPlatforms) = postSolution
		{48EEA828-5361-4834-A087-7008911275C1}.Debug|Any CPU.ActiveCfg = Debug|Any CPU
		{48EEA828-5361-4834-A087-7008911275C1}.Debug|Any CPU.Build.0 = Debug|Any CPU
		{48EEA828-5361-4834-A087-7008911275C1}.Release|Any CPU.ActiveCfg = Release|Any CPU
		{48EEA828-5361-4834-A087-7008911275C1}.Release|Any CPU.Build.0 = Release|Any CPU
		{0B550C16-BA27-4C6C-8F6C-9843A7D9DF41}.Debug|Any CPU.ActiveCfg = Debug|Any CPU
		{0B550C16-BA27-4C6C-8F6C-9843A7D9DF41}.Debug|Any CPU.Build.0 = Debug|Any CPU
		{0B550C16-BA27-4C6C-8F6C-9843A7D9DF41}.Release|Any CPU.ActiveCfg = Release|Any CPU
		{0B550C16-BA27-4C6C-8F6C-9843A7D9DF41}.Release|Any CPU.Build.0 = Release|Any CPU
		{168C6886-D23B-47F3-8C78-3A818C025204}.Debug|Any CPU.ActiveCfg = Debug|Any CPU
		{168C6886-D23B-47F3-8C78-3A818C025204}.Debug|Any CPU.Build.0 = Debug|Any CPU
		{168C6886-D23B-47F3-8C78-3A818C025204}.Release|Any CPU.ActiveCfg = Release|Any CPU
		{168C6886-D23B-47F3-8C78-3A818C025204}.Release|Any CPU.Build.0 = Release|Any CPU
		{122FF3B0-380C-46D7-8AC4-750E6AB419D2}.Debug|Any CPU.ActiveCfg = Debug|Any CPU
		{122FF3B0-380C-46D7-8AC4-750E6AB419D2}.Debug|Any CPU.Build.0 = Debug|Any CPU
		{122FF3B0-380C-46D7-8AC4-750E6AB419D2}.Release|Any CPU.ActiveCfg = Release|Any CPU
		{122FF3B0-380C-46D7-8AC4-750E6AB419D2}.Release|Any CPU.Build.0 = Release|Any CPU
		{0407B885-E4ED-408F-A8A5-0EEA8C3D99D8}.Debug|Any CPU.ActiveCfg = Debug|Any CPU
		{0407B885-E4ED-408F-A8A5-0EEA8C3D99D8}.Debug|Any CPU.Build.0 = Debug|Any CPU
		{0407B885-E4ED-408F-A8A5-0EEA8C3D99D8}.Release|Any CPU.ActiveCfg = Release|Any CPU
		{0407B885-E4ED-408F-A8A5-0EEA8C3D99D8}.Release|Any CPU.Build.0 = Release|Any CPU
	EndGlobalSection
	GlobalSection(SolutionProperties) = preSolution
		HideSolutionNode = FALSE
	EndGlobalSection
	GlobalSection(ExtensibilityGlobals) = postSolution
		SolutionGuid = {8E92D09D-7C2B-4441-BAC7-53A56324A716}
	EndGlobalSection
EndGlobal
